
Microsoft Visual Studio Solution File, Format Version 12.00
# Visual Studio 15
VisualStudioVersion = 15.0.28010.2041
MinimumVisualStudioVersion = 10.0.40219.1
Project("{FAE04EC0-301F-11D3-BF4B-00C04F79EFBC}") = "scan", "scan\scan.csproj", "{1708280C-6B50-49A8-A63F-60A08D3B07B2}"
EndProject
Project("{FAE04EC0-301F-11D3-BF4B-00C04F79EFBC}") = "Model", "Model\Model.csproj", "{19E32CB7-C23A-4F3C-A1BC-497B105B4DF3}"
EndProject
Project("{FAE04EC0-301F-11D3-BF4B-00C04F79EFBC}") = "DAL", "DAL\DAL.csproj", "{6DC6FDE9-BDD7-4316-BDFE-824A5E68A524}"
EndProject
Project("{FAE04EC0-301F-11D3-BF4B-00C04F79EFBC}") = "BLL", "BLL\BLL.csproj", "{C3D8643B-EADC-4248-A997-AB856E539E8E}"
EndProject
Global
	GlobalSection(SolutionConfigurationPlatforms) = preSolution
		Debug|Any CPU = Debug|Any CPU
		Release|Any CPU = Release|Any CPU
	EndGlobalSection
	GlobalSection(ProjectConfigurationPlatforms) = postSolution
		{1708280C-6B50-49A8-A63F-60A08D3B07B2}.Debug|Any CPU.ActiveCfg = Debug|Any CPU
		{1708280C-6B50-49A8-A63F-60A08D3B07B2}.Debug|Any CPU.Build.0 = Debug|Any CPU
		{1708280C-6B50-49A8-A63F-60A08D3B07B2}.Release|Any CPU.ActiveCfg = Release|Any CPU
		{1708280C-6B50-49A8-A63F-60A08D3B07B2}.Release|Any CPU.Build.0 = Release|Any CPU
		{19E32CB7-C23A-4F3C-A1BC-497B105B4DF3}.Debug|Any CPU.ActiveCfg = Debug|Any CPU
		{19E32CB7-C23A-4F3C-A1BC-497B105B4DF3}.Debug|Any CPU.Build.0 = Debug|Any CPU
		{19E32CB7-C23A-4F3C-A1BC-497B105B4DF3}.Release|Any CPU.ActiveCfg = Release|Any CPU
		{19E32CB7-C23A-4F3C-A1BC-497B105B4DF3}.Release|Any CPU.Build.0 = Release|Any CPU
		{6DC6FDE9-BDD7-4316-BDFE-824A5E68A524}.Debug|Any CPU.ActiveCfg = Debug|Any CPU
		{6DC6FDE9-BDD7-4316-BDFE-824A5E68A524}.Debug|Any CPU.Build.0 = Debug|Any CPU
		{6DC6FDE9-BDD7-4316-BDFE-824A5E68A524}.Release|Any CPU.ActiveCfg = Release|Any CPU
		{6DC6FDE9-BDD7-4316-BDFE-824A5E68A524}.Release|Any CPU.Build.0 = Release|Any CPU
		{C3D8643B-EADC-4248-A997-AB856E539E8E}.Debug|Any CPU.ActiveCfg = Debug|Any CPU
		{C3D8643B-EADC-4248-A997-AB856E539E8E}.Debug|Any CPU.Build.0 = Debug|Any CPU
		{C3D8643B-EADC-4248-A997-AB856E539E8E}.Release|Any CPU.ActiveCfg = Release|Any CPU
		{C3D8643B-EADC-4248-A997-AB856E539E8E}.Release|Any CPU.Build.0 = Release|Any CPU
	EndGlobalSection
	GlobalSection(SolutionProperties) = preSolution
		HideSolutionNode = FALSE
	EndGlobalSection
	GlobalSection(ExtensibilityGlobals) = postSolution
		SolutionGuid = {9A745635-E0AB-4FEA-973B-02DAEFF4B79B}
	EndGlobalSection
EndGlobal
